
Microsoft Visual Studio Solution File, Format Version 12.00
# Visual Studio Version 17
VisualStudioVersion = 17.6.33723.286
MinimumVisualStudioVersion = 10.0.40219.1
Project("{9A19103F-16F7-4668-BE54-9A1E7A4F7556}") = "AddressBookLibrary", "AddressBookLibrary\AddressBookLibrary.csproj", "{3F63D15C-F505-42FA-A243-51D7435CF8F6}"
EndProject
Project("{9A19103F-16F7-4668-BE54-9A1E7A4F7556}") = "AddressBookConsoleApp", "AddressBookConsoleApp\AddressBookConsoleApp.csproj", "{BCB419C3-662E-44D1-8DC6-937C437EECF4}"
EndProject
Project("{FAE04EC0-301F-11D3-BF4B-00C04F79EFBC}") = "AddressBookLibrary.Tests", "AddressBookLibrary.Tests\AddressBookLibrary.Tests.csproj", "{BBC789EC-F510-4E52-B6E5-C17F63BB5EFD}"
EndProject
Global
	GlobalSection(SolutionConfigurationPlatforms) = preSolution
		Debug|Any CPU = Debug|Any CPU
		Release|Any CPU = Release|Any CPU
	EndGlobalSection
	GlobalSection(ProjectConfigurationPlatforms) = postSolution
		{3F63D15C-F505-42FA-A243-51D7435CF8F6}.Debug|Any CPU.ActiveCfg = Debug|Any CPU
		{3F63D15C-F505-42FA-A243-51D7435CF8F6}.Debug|Any CPU.Build.0 = Debug|Any CPU
		{3F63D15C-F505-42FA-A243-51D7435CF8F6}.Release|Any CPU.ActiveCfg = Release|Any CPU
		{3F63D15C-F505-42FA-A243-51D7435CF8F6}.Release|Any CPU.Build.0 = Release|Any CPU
		{BCB419C3-662E-44D1-8DC6-937C437EECF4}.Debug|Any CPU.ActiveCfg = Debug|Any CPU
		{BCB419C3-662E-44D1-8DC6-937C437EECF4}.Debug|Any CPU.Build.0 = Debug|Any CPU
		{BCB419C3-662E-44D1-8DC6-937C437EECF4}.Release|Any CPU.ActiveCfg = Release|Any CPU
		{BCB419C3-662E-44D1-8DC6-937C437EECF4}.Release|Any CPU.Build.0 = Release|Any CPU
		{BBC789EC-F510-4E52-B6E5-C17F63BB5EFD}.Debug|Any CPU.ActiveCfg = Debug|Any CPU
		{BBC789EC-F510-4E52-B6E5-C17F63BB5EFD}.Debug|Any CPU.Build.0 = Debug|Any CPU
		{BBC789EC-F510-4E52-B6E5-C17F63BB5EFD}.Release|Any CPU.ActiveCfg = Release|Any CPU
		{BBC789EC-F510-4E52-B6E5-C17F63BB5EFD}.Release|Any CPU.Build.0 = Release|Any CPU
	EndGlobalSection
	GlobalSection(SolutionProperties) = preSolution
		HideSolutionNode = FALSE
	EndGlobalSection
	GlobalSection(ExtensibilityGlobals) = postSolution
		SolutionGuid = {E8351C8E-1FFA-42B8-A1C8-628E4721E3CF}
	EndGlobalSection
EndGlobal
